
Microsoft Visual Studio Solution File, Format Version 12.00
# Visual Studio Version 16
VisualStudioVersion = 16.0.29911.84
MinimumVisualStudioVersion = 10.0.40219.1
Project("{FAE04EC0-301F-11D3-BF4B-00C04F79EFBC}") = "TPWinForm_Presentacion", "TPWinForm_Presentacion\TPWinForm_Presentacion.csproj", "{7B54BE3D-0E41-4CF0-906E-67F73D778833}"
EndProject
Project("{FAE04EC0-301F-11D3-BF4B-00C04F79EFBC}") = "Negocio", "Negocio\Negocio.csproj", "{F39F56A1-1010-413C-8041-17B477916A71}"
EndProject
Project("{FAE04EC0-301F-11D3-BF4B-00C04F79EFBC}") = "Dominio", "Dominio\Dominio.csproj", "{052D537F-DC03-4FE6-81F1-693F0E927511}"
EndProject
Global
	GlobalSection(SolutionConfigurationPlatforms) = preSolution
		Debug|Any CPU = Debug|Any CPU
		Release|Any CPU = Release|Any CPU
	EndGlobalSection
	GlobalSection(ProjectConfigurationPlatforms) = postSolution
		{7B54BE3D-0E41-4CF0-906E-67F73D778833}.Debug|Any CPU.ActiveCfg = Debug|Any CPU
		{7B54BE3D-0E41-4CF0-906E-67F73D778833}.Debug|Any CPU.Build.0 = Debug|Any CPU
		{7B54BE3D-0E41-4CF0-906E-67F73D778833}.Release|Any CPU.ActiveCfg = Release|Any CPU
		{7B54BE3D-0E41-4CF0-906E-67F73D778833}.Release|Any CPU.Build.0 = Release|Any CPU
		{F39F56A1-1010-413C-8041-17B477916A71}.Debug|Any CPU.ActiveCfg = Debug|Any CPU
		{F39F56A1-1010-413C-8041-17B477916A71}.Debug|Any CPU.Build.0 = Debug|Any CPU
		{F39F56A1-1010-413C-8041-17B477916A71}.Release|Any CPU.ActiveCfg = Release|Any CPU
		{F39F56A1-1010-413C-8041-17B477916A71}.Release|Any CPU.Build.0 = Release|Any CPU
		{052D537F-DC03-4FE6-81F1-693F0E927511}.Debug|Any CPU.ActiveCfg = Debug|Any CPU
		{052D537F-DC03-4FE6-81F1-693F0E927511}.Debug|Any CPU.Build.0 = Debug|Any CPU
		{052D537F-DC03-4FE6-81F1-693F0E927511}.Release|Any CPU.ActiveCfg = Release|Any CPU
		{052D537F-DC03-4FE6-81F1-693F0E927511}.Release|Any CPU.Build.0 = Release|Any CPU
	EndGlobalSection
	GlobalSection(SolutionProperties) = preSolution
		HideSolutionNode = FALSE
	EndGlobalSection
	GlobalSection(ExtensibilityGlobals) = postSolution
		SolutionGuid = {C63AB10E-4FF6-47C8-90E7-AC21D0F05CD5}
	EndGlobalSection
EndGlobal
